{
  "nodes": {
    "dream2nix": {
      "inputs": {
        "nixpkgs": [
          "nodejs-module",
          "nixpkgs"
        ],
        "purescript-overlay": "purescript-overlay",
        "pyproject-nix": "pyproject-nix"
      },
      "locked": {
        "lastModified": 1734088874,
        "narHash": "sha256-COlq50bMV/Xbt4NBL3tobaloiX157FhY4ocR1ix+/3k=",
        "owner": "jkarni",
        "repo": "dream2nix",
        "rev": "5c763222e549c6239ea4b88499ac8f3274d83f9a",
        "type": "github"
      },
      "original": {
        "owner": "jkarni",
        "repo": "dream2nix",
        "type": "github"
      }
    },
    "flake-compat": {
      "flake": false,
      "locked": {
        "lastModified": 1696426674,
        "narHash": "sha256-kvjfFW7WAETZlt09AgDn1MrtKzP7t90Vf7vypd3OL1U=",
        "owner": "edolstra",
        "repo": "flake-compat",
        "rev": "0f9255e01c2351cc7d116c072cb317785dd33b33",
        "type": "github"
      },
      "original": {
        "owner": "edolstra",
        "repo": "flake-compat",
        "type": "github"
      }
    },
    "garnix-lib": {
      "inputs": {
        "nixpkgs": "nixpkgs"
      },
      "locked": {
        "lastModified": 1734267817,
        "narHash": "sha256-82UXoATcXND5+d6CuYWENE/1GeRE/kjL/RQXYqxIsmE=",
        "owner": "garnix-io",
        "repo": "garnix-lib",
        "rev": "c74db5892a78a71fd7194cd23de7bf5e0e568bbf",
        "type": "github"
      },
      "original": {
        "owner": "garnix-io",
        "ref": "jkarni/update-nixpkgs",
        "repo": "garnix-lib",
        "type": "github"
      }
    },
    "nixpkgs": {
      "locked": {
        "lastModified": 1717196966,
        "narHash": "sha256-yZKhxVIKd2lsbOqYd5iDoUIwsRZFqE87smE2Vzf6Ck0=",
        "owner": "nixos",
        "repo": "nixpkgs",
        "rev": "57610d2f8f0937f39dbd72251e9614b1561942d8",
        "type": "github"
      },
      "original": {
        "owner": "nixos",
        "ref": "nixos-unstable",
        "repo": "nixpkgs",
        "type": "github"
      }
    },
    "nixpkgs_2": {
      "locked": {
        "lastModified": 1733808091,
        "narHash": "sha256-KWwINTQelKOoQgrXftxoqxmKFZb9pLVfnRvK270nkVk=",
        "owner": "NixOS",
        "repo": "nixpkgs",
        "rev": "a0f3e10d94359665dba45b71b4227b0aeb851f8e",
        "type": "github"
      },
      "original": {
        "owner": "NixOS",
        "ref": "nixos-24.11",
        "repo": "nixpkgs",
        "type": "github"
      }
    },
    "nodejs-module": {
      "inputs": {
        "dream2nix": "dream2nix",
        "nixpkgs": "nixpkgs_2"
      },
      "locked": {
        "lastModified": 1734266553,
        "narHash": "sha256-zyZT6QiRrjvKKZCbyXu4LB8c3S/Qm/na885RahWsd6E=",
        "owner": "garnix-io",
        "repo": "nodejs-module",
        "rev": "c789d4d43557252cc1ee0a7b37111bb543e04749",
        "type": "github"
      },
      "original": {
        "owner": "garnix-io",
        "repo": "nodejs-module",
        "type": "github"
      }
    },
    "purescript-overlay": {
      "inputs": {
        "flake-compat": "flake-compat",
        "nixpkgs": [
          "nodejs-module",
          "dream2nix",
          "nixpkgs"
        ],
        "slimlock": "slimlock"
      },
      "locked": {
        "lastModified": 1728546539,
        "narHash": "sha256-Sws7w0tlnjD+Bjck1nv29NjC5DbL6nH5auL9Ex9Iz2A=",
        "owner": "thomashoneyman",
        "repo": "purescript-overlay",
        "rev": "4ad4c15d07bd899d7346b331f377606631eb0ee4",
        "type": "github"
      },
      "original": {
        "owner": "thomashoneyman",
        "repo": "purescript-overlay",
        "type": "github"
      }
    },
    "pyproject-nix": {
      "flake": false,
      "locked": {
        "lastModified": 1702448246,
        "narHash": "sha256-hFg5s/hoJFv7tDpiGvEvXP0UfFvFEDgTdyHIjDVHu1I=",
        "owner": "davhau",
        "repo": "pyproject.nix",
        "rev": "5a06a2697b228c04dd2f35659b4b659ca74f7aeb",
        "type": "github"
      },
      "original": {
        "owner": "davhau",
        "ref": "dream2nix",
        "repo": "pyproject.nix",
        "type": "github"
      }
    },
    "root": {
      "inputs": {
        "garnix-lib": "garnix-lib",
        "nodejs-module": "nodejs-module"
      }
    },
    "slimlock": {
      "inputs": {
        "nixpkgs": [
          "nodejs-module",
          "dream2nix",
          "purescript-overlay",
          "nixpkgs"
        ]
      },
      "locked": {
        "lastModified": 1688756706,
        "narHash": "sha256-xzkkMv3neJJJ89zo3o2ojp7nFeaZc2G0fYwNXNJRFlo=",
        "owner": "thomashoneyman",
        "repo": "slimlock",
        "rev": "cf72723f59e2340d24881fd7bf61cb113b4c407c",
        "type": "github"
      },
      "original": {
        "owner": "thomashoneyman",
        "repo": "slimlock",
        "type": "github"
      }
    }
  },
  "root": "root",
  "version": 7
}
